
Microsoft Visual Studio Solution File, Format Version 12.00
# Visual Studio Version 17
VisualStudioVersion = 17.14.36408.4 d17.14
MinimumVisualStudioVersion = 10.0.40219.1
Project("{FAE04EC0-301F-11D3-BF4B-00C04F79EFBC}") = "StudentGradingSystem", "StudentGradingSystem.csproj", "{49DDE468-98D2-4CA6-B1E7-ABDA0EEEDB77}"
EndProject
Global
	GlobalSection(SolutionConfigurationPlatforms) = preSolution
		Debug|Any CPU = Debug|Any CPU
		Release|Any CPU = Release|Any CPU
	EndGlobalSection
	GlobalSection(ProjectConfigurationPlatforms) = postSolution
		{49DDE468-98D2-4CA6-B1E7-ABDA0EEEDB77}.Debug|Any CPU.ActiveCfg = Debug|Any CPU
		{49DDE468-98D2-4CA6-B1E7-ABDA0EEEDB77}.Debug|Any CPU.Build.0 = Debug|Any CPU
		{49DDE468-98D2-4CA6-B1E7-ABDA0EEEDB77}.Release|Any CPU.ActiveCfg = Release|Any CPU
		{49DDE468-98D2-4CA6-B1E7-ABDA0EEEDB77}.Release|Any CPU.Build.0 = Release|Any CPU
	EndGlobalSection
	GlobalSection(SolutionProperties) = preSolution
		HideSolutionNode = FALSE
	EndGlobalSection
	GlobalSection(ExtensibilityGlobals) = postSolution
		SolutionGuid = {690333F4-6396-4E7B-A6AA-B4AA8B170437}
	EndGlobalSection
EndGlobal
