
Microsoft Visual Studio Solution File, Format Version 12.00
# Visual Studio Version 17
VisualStudioVersion = 17.14.36408.4 d17.14
MinimumVisualStudioVersion = 10.0.40219.1
Project("{FAE04EC0-301F-11D3-BF4B-00C04F79EFBC}") = "HealthcareSystemApp", "HealthcareSystemApp.csproj", "{89C4ED69-BF9C-4D05-A965-0ACD916728BA}"
EndProject
Global
	GlobalSection(SolutionConfigurationPlatforms) = preSolution
		Debug|Any CPU = Debug|Any CPU
		Release|Any CPU = Release|Any CPU
	EndGlobalSection
	GlobalSection(ProjectConfigurationPlatforms) = postSolution
		{89C4ED69-BF9C-4D05-A965-0ACD916728BA}.Debug|Any CPU.ActiveCfg = Debug|Any CPU
		{89C4ED69-BF9C-4D05-A965-0ACD916728BA}.Debug|Any CPU.Build.0 = Debug|Any CPU
		{89C4ED69-BF9C-4D05-A965-0ACD916728BA}.Release|Any CPU.ActiveCfg = Release|Any CPU
		{89C4ED69-BF9C-4D05-A965-0ACD916728BA}.Release|Any CPU.Build.0 = Release|Any CPU
	EndGlobalSection
	GlobalSection(SolutionProperties) = preSolution
		HideSolutionNode = FALSE
	EndGlobalSection
	GlobalSection(ExtensibilityGlobals) = postSolution
		SolutionGuid = {FA9D07F7-056D-4817-A443-12EDA0018090}
	EndGlobalSection
EndGlobal
